# THIS IS AN AUTOGENERATED FILE. DO NOT EDIT THIS FILE DIRECTLY.
# yarn lockfile v1


bobril@^14.0.0:
  version "14.0.0"
  resolved "https://registry.yarnpkg.com/bobril/-/bobril-14.0.0.tgz#5678ca7eed7b6f1311e682a935bc6459379ff533"
  integrity sha512-C0DxMpYo6thWeeKEZ6KaiLOXSA34/sEQQgKxou7Bs6DPY9rFEaI/u6V4lHG5xc68jk9GHbwxE+CeR2uXbn354w==
